github.com/mus-format/mus-stream-go v0.7.2 h1:ShFtTIBEHyPSGcE+ilAPn5xd4O5fp1S/Yi4iPGXiR8s=
github.com/mus-format/mus-stream-go v0.7.2/go.mod h1:H7yLSF9JQvwQW7Je1OJxxMIf5csHoZv52SjE1WwF8MM=
github.com/ymz-ncnk/mok v0.2.1 h1:rx/QVO4W2d3s6g1Q2tVeIndD0Yhc66pVJRB2RHpXWSo=
github.com/ymz-ncnk/mok v0.2.1/go.mod h1:BYggihmf3kEBo7HfDVwDEqZ08gO8og8o5fcd8xuPmu0=
